// !$*UTF8*$!
{
	archiveVersion = 1;
	classes = {
	};
	objectVersion = 50;
	objects = {

/* Begin PBXBuildFile section */
		8467297E22C13D4D0048FA08 /* AppDelegate.swift in Sources */ = {isa = PBXBuildFile; fileRef = 8467297D22C13D4D0048FA08 /* AppDelegate.swift */; };
		8467298022C13D4D0048FA08 /* ViewController.swift in Sources */ = {isa = PBXBuildFile; fileRef = 8467297F22C13D4D0048FA08 /* ViewController.swift */; };
		8467298322C13D4D0048FA08 /* Main.storyboard in Resources */ = {isa = PBXBuildFile; fileRef = 8467298122C13D4D0048FA08 /* Main.storyboard */; };
		8467298522C13D540048FA08 /* Assets.xcassets in Resources */ = {isa = PBXBuildFile; fileRef = 8467298422C13D540048FA08 /* Assets.xcassets */; };
		8467298822C13D540048FA08 /* LaunchScreen.storyboard in Resources */ = {isa = PBXBuildFile; fileRef = 8467298622C13D540048FA08 /* LaunchScreen.storyboard */; };
		8467299322C13D540048FA08 /* tasklistTests.swift in Sources */ = {isa = PBXBuildFile; fileRef = 8467299222C13D540048FA08 /* tasklistTests.swift */; };
/* End PBXBuildFile section */

/* Begin PBXContainerItemProxy section */
		8467298F22C13D540048FA08 /* PBXContainerItemProxy */ = {
			isa = PBXContainerItemProxy;
			containerPortal = 8467297222C13D4C0048FA08 /* Project object */;
			proxyType = 1;
			remoteGlobalIDString = 8467297922C13D4D0048FA08;
			remoteInfo = tasklist;
		};
/* End PBXContainerItemProxy section */

/* Begin PBXFileReference section */
		8467297A22C13D4D0048FA08 /* tasklist.app */ = {isa = PBXFileReference; explicitFileType = wrapper.application; includeInIndex = 0; path = tasklist.app; sourceTree = BUILT_PRODUCTS_DIR; };
		8467297D22C13D4D0048FA08 /* AppDelegate.swift */ = {isa = PBXFileReference; lastKnownFileType = sourcecode.swift; path = AppDelegate.swift; sourceTree = "<group>"; };
		8467297F22C13D4D0048FA08 /* ViewController.swift */ = {isa = PBXFileReference; lastKnownFileType = sourcecode.swift; path = ViewController.swift; sourceTree = "<group>"; };
		8467298222C13D4D0048FA08 /* Base */ = {isa = PBXFileReference; lastKnownFileType = file.storyboard; name = Base; path = Base.lproj/Main.storyboard; sourceTree = "<group>"; };
		8467298422C13D540048FA08 /* Assets.xcassets */ = {isa = PBXFileReference; lastKnownFileType = folder.assetcatalog; path = Assets.xcassets; sourceTree = "<group>"; };
		8467298722C13D540048FA08 /* Base */ = {isa = PBXFileReference; lastKnownFileType = file.storyboard; name = Base; path = Base.lproj/LaunchScreen.storyboard; sourceTree = "<group>"; };
		8467298922C13D540048FA08 /* Info.plist */ = {isa = PBXFileReference; lastKnownFileType = text.plist.xml; path = Info.plist; sourceTree = "<group>"; };
		8467298E22C13D540048FA08 /* tasklistTests.xctest */ = {isa = PBXFileReference; explicitFileType = wrapper.cfbundle; includeInIndex = 0; path = tasklistTests.xctest; sourceTree = BUILT_PRODUCTS_DIR; };
		8467299222C13D540048FA08 /* tasklistTests.swift */ = {isa = PBXFileReference; lastKnownFileType = sourcecode.swift; path = tasklistTests.swift; sourceTree = "<group>"; };
		8467299422C13D540048FA08 /* Info.plist */ = {isa = PBXFileReference; lastKnownFileType = text.plist.xml; path = Info.plist; sourceTree = "<group>"; };
/* End PBXFileReference section */

/* Begin PBXFrameworksBuildPhase section */
		8467297722C13D4D0048FA08 /* Frameworks */ = {
			isa = PBXFrameworksBuildPhase;
			buildActionMask = 2147483647;
			files = (
			);
			runOnlyForDeploymentPostprocessing = 0;
		};
		8467298B22C13D540048FA08 /* Frameworks */ = {
			isa = PBXFrameworksBuildPhase;
			buildActionMask = 2147483647;
			files = (
			);
			runOnlyForDeploymentPostprocessing = 0;
		};
/* End PBXFrameworksBuildPhase section */

/* Begin PBXGroup section */
		8467297122C13D4C0048FA08 = {
			isa = PBXGroup;
			children = (
				8467297C22C13D4D0048FA08 /* tasklist */,
				8467299122C13D540048FA08 /* tasklistTests */,
				8467297B22C13D4D0048FA08 /* Products */,
			);
			sourceTree = "<group>";
		};
		8467297B22C13D4D0048FA08 /* Products */ = {
			isa = PBXGroup;
			children = (
				8467297A22C13D4D0048FA08 /* tasklist.app */,
				8467298E22C13D540048FA08 /* tasklistTests.xctest */,
			);
			name = Products;
			sourceTree = "<group>";
		};
		8467297C22C13D4D0048FA08 /* tasklist */ = {
			isa = PBXGroup;
			children = (
				8467297D22C13D4D0048FA08 /* AppDelegate.swift */,
				8467297F22C13D4D0048FA08 /* ViewController.swift */,
				8467298122C13D4D0048FA08 /* Main.storyboard */,
				8467298422C13D540048FA08 /* Assets.xcassets */,
				8467298622C13D540048FA08 /* LaunchScreen.storyboard */,
				8467298922C13D540048FA08 /* Info.plist */,
			);
			path = tasklist;
			sourceTree = "<group>";
		};
		8467299122C13D540048FA08 /* tasklistTests */ = {
			isa = PBXGroup;
			children = (
				8467299222C13D540048FA08 /* tasklistTests.swift */,
				8467299422C13D540048FA08 /* Info.plist */,
			);
			path = tasklistTests;
			sourceTree = "<group>";
		};
/* End PBXGroup section */

/* Begin PBXNativeTarget section */
		8467297922C13D4D0048FA08 /* tasklist */ = {
			isa = PBXNativeTarget;
			buildConfigurationList = 8467299722C13D540048FA08 /* Build configuration list for PBXNativeTarget "tasklist" */;
			buildPhases = (
				8467297622C13D4D0048FA08 /* Sources */,
				8467297722C13D4D0048FA08 /* Frameworks */,
				8467297822C13D4D0048FA08 /* Resources */,
			);
			buildRules = (
			);
			dependencies = (
			);
			name = tasklist;
			productName = tasklist;
			productReference = 8467297A22C13D4D0048FA08 /* tasklist.app */;
			productType = "com.apple.product-type.application";
		};
		8467298D22C13D540048FA08 /* tasklistTests */ = {
			isa = PBXNativeTarget;
			buildConfigurationList = 8467299A22C13D540048FA08 /* Build configuration list for PBXNativeTarget "tasklistTests" */;
			buildPhases = (
				8467298A22C13D540048FA08 /* Sources */,
				8467298B22C13D540048FA08 /* Frameworks */,
				8467298C22C13D540048FA08 /* Resources */,
			);
			buildRules = (
			);
			dependencies = (
				8467299022C13D540048FA08 /* PBXTargetDependency */,
			);
			name = tasklistTests;
			productName = tasklistTests;
			productReference = 8467298E22C13D540048FA08 /* tasklistTests.xctest */;
			productType = "com.apple.product-type.bundle.unit-test";
		};
/* End PBXNativeTarget section */

/* Begin PBXProject section */
		8467297222C13D4C0048FA08 /* Project object */ = {
			isa = PBXProject;
			attributes = {
				LastSwiftUpdateCheck = 1020;
				LastUpgradeCheck = 1020;
				ORGANIZATIONNAME = "Aida Priimak";
				TargetAttributes = {
					8467297922C13D4D0048FA08 = {
						CreatedOnToolsVersion = 10.2.1;
					};
					8467298D22C13D540048FA08 = {
						CreatedOnToolsVersion = 10.2.1;
						TestTargetID = 8467297922C13D4D0048FA08;
					};
				};
			};
			buildConfigurationList = 8467297522C13D4C0048FA08 /* Build configuration list for PBXProject "tasklist" */;
			compatibilityVersion = "Xcode 9.3";
			developmentRegion = en;
			hasScannedForEncodings = 0;
			knownRegions = (
				en,
				Base,
			);
			mainGroup = 8467297122C13D4C0048FA08;
			productRefGroup = 8467297B22C13D4D0048FA08 /* Products */;
			projectDirPath = "";
			projectRoot = "";
			targets = (
				8467297922C13D4D0048FA08 /* tasklist */,
				8467298D22C13D540048FA08 /* tasklistTests */,
			);
		};
/* End PBXProject section */

/* Begin PBXResourcesBuildPhase section */
		8467297822C13D4D0048FA08 /* Resources */ = {
			isa = PBXResourcesBuildPhase;
			buildActionMask = 2147483647;
			files = (
				8467298822C13D540048FA08 /* LaunchScreen.storyboard in Resources */,
				8467298522C13D540048FA08 /* Assets.xcassets in Resources */,
				8467298322C13D4D0048FA08 /* Main.storyboard in Resources */,
			);
			runOnlyForDeploymentPostprocessing = 0;
		};
		8467298C22C13D540048FA08 /* Resources */ = {
			isa = PBXResourcesBuildPhase;
			buildActionMask = 2147483647;
			files = (
			);
			runOnlyForDeploymentPostprocessing = 0;
		};
/* End PBXResourcesBuildPhase section */

/* Begin PBXSourcesBuildPhase section */
		8467297622C13D4D0048FA08 /* Sources */ = {
			isa = PBXSourcesBuildPhase;
			buildActionMask = 2147483647;
			files = (
				8467298022C13D4D0048FA08 /* ViewController.swift in Sources */,
				8467297E22C13D4D0048FA08 /* AppDelegate.swift in Sources */,
			);
			runOnlyForDeploymentPostprocessing = 0;
		};
		8467298A22C13D540048FA08 /* Sources */ = {
			isa = PBXSourcesBuildPhase;
			buildActionMask = 2147483647;
			files = (
				8467299322C13D540048FA08 /* tasklistTests.swift in Sources */,
			);
			runOnlyForDeploymentPostprocessing = 0;
		};
/* End PBXSourcesBuildPhase section */

/* Begin PBXTargetDependency section */
		8467299022C13D540048FA08 /* PBXTargetDependency */ = {
			isa = PBXTargetDependency;
			target = 8467297922C13D4D0048FA08 /* tasklist */;
			targetProxy = 8467298F22C13D540048FA08 /* PBXContainerItemProxy */;
		};
/* End PBXTargetDependency section */

/* Begin PBXVariantGroup section */
		8467298122C13D4D0048FA08 /* Main.storyboard */ = {
			isa = PBXVariantGroup;
			children = (
				8467298222C13D4D0048FA08 /* Base */,
			);
			name = Main.storyboard;
			sourceTree = "<group>";
		};
		8467298622C13D540048FA08 /* LaunchScreen.storyboard */ = {
			isa = PBXVariantGroup;
			children = (
				8467298722C13D540048FA08 /* Base */,
			);
			name = LaunchScreen.storyboard;
			sourceTree = "<group>";
		};
/* End PBXVariantGroup section */

/* Begin XCBuildConfiguration section */
		8467299522C13D540048FA08 /* Debug */ = {
			isa = XCBuildConfiguration;
			buildSettings = {
				ALWAYS_SEARCH_USER_PATHS = NO;
				CLANG_ANALYZER_NONNULL = YES;
				CLANG_ANALYZER_NUMBER_OBJECT_CONVERSION = YES_AGGRESSIVE;
				CLANG_CXX_LANGUAGE_STANDARD = "gnu++14";
				CLANG_CXX_LIBRARY = "libc++";
				CLANG_ENABLE_MODULES = YES;
				CLANG_ENABLE_OBJC_ARC = YES;
				CLANG_ENABLE_OBJC_WEAK = YES;
				CLANG_WARN_BLOCK_CAPTURE_AUTORELEASING = YES;
				CLANG_WARN_BOOL_CONVERSION = YES;
				CLANG_WARN_COMMA = YES;
				CLANG_WARN_CONSTANT_CONVERSION = YES;
				CLANG_WARN_DEPRECATED_OBJC_IMPLEMENTATIONS = YES;
				CLANG_WARN_DIRECT_OBJC_ISA_USAGE = YES_ERROR;
				CLANG_WARN_DOCUMENTATION_COMMENTS = YES;
				CLANG_WARN_EMPTY_BODY = YES;
				CLANG_WARN_ENUM_CONVERSION = YES;
				CLANG_WARN_INFINITE_RECURSION = YES;
				CLANG_WARN_INT_CONVERSION = YES;
				CLANG_WARN_NON_LITERAL_NULL_CONVERSION = YES;
				CLANG_WARN_OBJC_IMPLICIT_RETAIN_SELF = YES;
				CLANG_WARN_OBJC_LITERAL_CONVERSION = YES;
				CLANG_WARN_OBJC_ROOT_CLASS = YES_ERROR;
				CLANG_WARN_RANGE_LOOP_ANALYSIS = YES;
				CLANG_WARN_STRICT_PROTOTYPES = YES;
				CLANG_WARN_SUSPICIOUS_MOVE = YES;
				CLANG_WARN_UNGUARDED_AVAILABILITY = YES_AGGRESSIVE;
				CLANG_WARN_UNREACHABLE_CODE = YES;
				CLANG_WARN__DUPLICATE_METHOD_MATCH = YES;
				CODE_SIGN_IDENTITY = "iPhone Developer";
				COPY_PHASE_STRIP = NO;
				DEBUG_INFORMATION_FORMAT = dwarf;
				ENABLE_STRICT_OBJC_MSGSEND = YES;
				ENABLE_TESTABILITY = YES;
				GCC_C_LANGUAGE_STANDARD = gnu11;
				GCC_DYNAMIC_NO_PIC = NO;
				GCC_NO_COMMON_BLOCKS = YES;
				GCC_OPTIMIZATION_LEVEL = 0;
				GCC_PREPROCESSOR_DEFINITIONS = (
					"DEBUG=1",
					"$(inherited)",
				);
				GCC_WARN_64_TO_32_BIT_CONVERSION = YES;
				GCC_WARN_ABOUT_RETURN_TYPE = YES_ERROR;
				GCC_WARN_UNDECLARED_SELECTOR = YES;
				GCC_WARN_UNINITIALIZED_AUTOS = YES_AGGRESSIVE;
				GCC_WARN_UNUSED_FUNCTION = YES;
				GCC_WARN_UNUSED_VARIABLE = YES;
				IPHONEOS_DEPLOYMENT_TARGET = 12.2;
				MTL_ENABLE_DEBUG_INFO = INCLUDE_SOURCE;
				MTL_FAST_MATH = YES;
				ONLY_ACTIVE_ARCH = YES;
				SDKROOT = iphoneos;
				SWIFT_ACTIVE_COMPILATION_CONDITIONS = DEBUG;
				SWIFT_OPTIMIZATION_LEVEL = "-Onone";
			};
			name = Debug;
		};
		8467299622C13D540048FA08 /* Release */ = {
			isa = XCBuildConfiguration;
			buildSettings = {
				ALWAYS_SEARCH_USER_PATHS = NO;
				CLANG_ANALYZER_NONNULL = YES;
				CLANG_ANALYZER_NUMBER_OBJECT_CONVERSION = YES_AGGRESSIVE;
				CLANG_CXX_LANGUAGE_STANDARD = "gnu++14";
				CLANG_CXX_LIBRARY = "libc++";
				CLANG_ENABLE_MODULES = YES;
				CLANG_ENABLE_OBJC_ARC = YES;
				CLANG_ENABLE_OBJC_WEAK = YES;
				CLANG_WARN_BLOCK_CAPTURE_AUTORELEASING = YES;
				CLANG_WARN_BOOL_CONVERSION = YES;
				CLANG_WARN_COMMA = YES;
				CLANG_WARN_CONSTANT_CONVERSION = YES;
				CLANG_WARN_DEPRECATED_OBJC_IMPLEMENTATIONS = YES;
				CLANG_WARN_DIRECT_OBJC_ISA_USAGE = YES_ERROR;
				CLANG_WARN_DOCUMENTATION_COMMENTS = YES;
				CLANG_WARN_EMPTY_BODY = YES;
				CLANG_WARN_ENUM_CONVERSION = YES;
				CLANG_WARN_INFINITE_RECURSION = YES;
				CLANG_WARN_INT_CONVERSION = YES;
				CLANG_WARN_NON_LITERAL_NULL_CONVERSION = YES;
				CLANG_WARN_OBJC_IMPLICIT_RETAIN_SELF = YES;
				CLANG_WARN_OBJC_LITERAL_CONVERSION = YES;
				CLANG_WARN_OBJC_ROOT_CLASS = YES_ERROR;
				CLANG_WARN_RANGE_LOOP_ANALYSIS = YES;
				CLANG_WARN_STRICT_PROTOTYPES = YES;
				CLANG_WARN_SUSPICIOUS_MOVE = YES;
				CLANG_WARN_UNGUARDED_AVAILABILITY = YES_AGGRESSIVE;
				CLANG_WARN_UNREACHABLE_CODE = YES;
				CLANG_WARN__DUPLICATE_METHOD_MATCH = YES;
				CODE_SIGN_IDENTITY = "iPhone Developer";
				COPY_PHASE_STRIP = NO;
				DEBUG_INFORMATION_FORMAT = "dwarf-with-dsym";
				ENABLE_NS_ASSERTIONS = NO;
				ENABLE_STRICT_OBJC_MSGSEND = YES;
				GCC_C_LANGUAGE_STANDARD = gnu11;
				GCC_NO_COMMON_BLOCKS = YES;
				GCC_WARN_64_TO_32_BIT_CONVERSION = YES;
				GCC_WARN_ABOUT_RETURN_TYPE = YES_ERROR;
				GCC_WARN_UNDECLARED_SELECTOR = YES;
				GCC_WARN_UNINITIALIZED_AUTOS = YES_AGGRESSIVE;
				GCC_WARN_UNUSED_FUNCTION = YES;
				GCC_WARN_UNUSED_VARIABLE = YES;
				IPHONEOS_DEPLOYMENT_TARGET = 12.2;
				MTL_ENABLE_DEBUG_INFO = NO;
				MTL_FAST_MATH = YES;
				SDKROOT = iphoneos;
				SWIFT_COMPILATION_MODE = wholemodule;
				SWIFT_OPTIMIZATION_LEVEL = "-O";
				VALIDATE_PRODUCT = YES;
			};
			name = Release;
		};
		8467299822C13D540048FA08 /* Debug */ = {
			isa = XCBuildConfiguration;
			buildSettings = {
				ASSETCATALOG_COMPILER_APPICON_NAME = AppIcon;
				CODE_SIGN_STYLE = Automatic;
				DEVELOPMENT_TEAM = A93LW5BQGV;
				INFOPLIST_FILE = tasklist/Info.plist;
				LD_RUNPATH_SEARCH_PATHS = (
					"$(inherited)",
					"@executable_path/Frameworks",
				);
				PRODUCT_BUNDLE_IDENTIFIER = com.sputnik12.tasklist;
				PRODUCT_NAME = "$(TARGET_NAME)";
				SWIFT_VERSION = 5.0;
				TARGETED_DEVICE_FAMILY = "1,2";
			};
			name = Debug;
		};
		8467299922C13D540048FA08 /* Release */ = {
			isa = XCBuildConfiguration;
			buildSettings = {
				ASSETCATALOG_COMPILER_APPICON_NAME = AppIcon;
				CODE_SIGN_STYLE = Automatic;
				DEVELOPMENT_TEAM = A93LW5BQGV;
				INFOPLIST_FILE = tasklist/Info.plist;
				LD_RUNPATH_SEARCH_PATHS = (
					"$(inherited)",
					"@executable_path/Frameworks",
				);
				PRODUCT_BUNDLE_IDENTIFIER = com.sputnik12.tasklist;
				PRODUCT_NAME = "$(TARGET_NAME)";
				SWIFT_VERSION = 5.0;
				TARGETED_DEVICE_FAMILY = "1,2";
			};
			name = Release;
		};
		8467299B22C13D540048FA08 /* Debug */ = {
			isa = XCBuildConfiguration;
			buildSettings = {
				ALWAYS_EMBED_SWIFT_STANDARD_LIBRARIES = YES;
				BUNDLE_LOADER = "$(TEST_HOST)";
				CODE_SIGN_STYLE = Automatic;
				DEVELOPMENT_TEAM = A93LW5BQGV;
				INFOPLIST_FILE = tasklistTests/Info.plist;
				LD_RUNPATH_SEARCH_PATHS = (
					"$(inherited)",
					"@executable_path/Frameworks",
					"@loader_path/Frameworks",
				);
				PRODUCT_BUNDLE_IDENTIFIER = com.sputnik12.tasklistTests;
				PRODUCT_NAME = "$(TARGET_NAME)";
				SWIFT_VERSION = 5.0;
				TARGETED_DEVICE_FAMILY = "1,2";
				TEST_HOST = "$(BUILT_PRODUCTS_DIR)/tasklist.app/tasklist";
			};
			name = Debug;
		};
		8467299C22C13D540048FA08 /* Release */ = {
			isa = XCBuildConfiguration;
			buildSettings = {
				ALWAYS_EMBED_SWIFT_STANDARD_LIBRARIES = YES;
				BUNDLE_LOADER = "$(TEST_HOST)";
				CODE_SIGN_STYLE = Automatic;
				DEVELOPMENT_TEAM = A93LW5BQGV;
				INFOPLIST_FILE = tasklistTests/Info.plist;
				LD_RUNPATH_SEARCH_PATHS = (
					"$(inherited)",
					"@executable_path/Frameworks",
					"@loader_path/Frameworks",
				);
				PRODUCT_BUNDLE_IDENTIFIER = com.sputnik12.tasklistTests;
				PRODUCT_NAME = "$(TARGET_NAME)";
				SWIFT_VERSION = 5.0;
				TARGETED_DEVICE_FAMILY = "1,2";
				TEST_HOST = "$(BUILT_PRODUCTS_DIR)/tasklist.app/tasklist";
			};
			name = Release;
		};
/* End XCBuildConfiguration section */

/* Begin XCConfigurationList section */
		8467297522C13D4C0048FA08 /* Build configuration list for PBXProject "tasklist" */ = {
			isa = XCConfigurationList;
			buildConfigurations = (
				8467299522C13D540048FA08 /* Debug */,
				8467299622C13D540048FA08 /* Release */,
			);
			defaultConfigurationIsVisible = 0;
			defaultConfigurationName = Release;
		};
		8467299722C13D540048FA08 /* Build configuration list for PBXNativeTarget "tasklist" */ = {
			isa = XCConfigurationList;
			buildConfigurations = (
				8467299822C13D540048FA08 /* Debug */,
				8467299922C13D540048FA08 /* Release */,
			);
			defaultConfigurationIsVisible = 0;
			defaultConfigurationName = Release;
		};
		8467299A22C13D540048FA08 /* Build configuration list for PBXNativeTarget "tasklistTests" */ = {
			isa = XCConfigurationList;
			buildConfigurations = (
				8467299B22C13D540048FA08 /* Debug */,
				8467299C22C13D540048FA08 /* Release */,
			);
			defaultConfigurationIsVisible = 0;
			defaultConfigurationName = Release;
		};
/* End XCConfigurationList section */
	};
	rootObject = 8467297222C13D4C0048FA08 /* Project object */;
}
